// !$*UTF8*$!
{
	archiveVersion = 1;
	classes = {
	};
	objectVersion = 46;
	objects = {

/* Begin PBXBuildFile section */
		CE1E501B1F6D71BB0085F52A = {
			isa = PBXBuildFile;
			fileRef = CE1E501A1F6D71BB0085F52A;
		};
		CE1E501D1F73AC0C0085F52A = {
			isa = PBXBuildFile;
			fileRef = CE1E501C1F73AC0C0085F52A;
		};
		CE1E501F1F73ACA40085F52A = {
			isa = PBXBuildFile;
			fileRef = CE1E501E1F73ACA40085F52A;
		};
		CE1E50211F74F90A0085F52A = {
			isa = PBXBuildFile;
			fileRef = CE1E50201F74F90A0085F52A;
		};
		CE82AA9F1F78DF4600D170F1 = {
			isa = PBXBuildFile;
			fileRef = CE82AA9E1F78DF4600D170F1;
		};
		CE8A21291F65AB0E000C71A3 = {
			isa = PBXBuildFile;
			fileRef = CE8A21281F65AB0E000C71A3;
		};
		CE8A21371F65C5B0000C71A3 = {
			isa = PBXBuildFile;
			fileRef = CE8A21361F65C5B0000C71A3;
		};
		E42BAC161E6356FF0005C63C = {
			isa = PBXBuildFile;
			fileRef = E42BAC151E6356FF0005C63C;
		};
		E4448DAF1E53281D00B45C56 = {
			isa = PBXBuildFile;
			fileRef = E4448DAE1E53281D00B45C56;
		};
		E4448DB11E53281D00B45C56 = {
			isa = PBXBuildFile;
			fileRef = E4448DB01E53281D00B45C56;
		};
		E4448DB41E53281D00B45C56 = {
			isa = PBXBuildFile;
			fileRef = E4448DB21E53281D00B45C56;
		};
		E4448DB61E53281D00B45C56 = {
			isa = PBXBuildFile;
			fileRef = E4448DB51E53281D00B45C56;
		};
		E4448DB91E53281D00B45C56 = {
			isa = PBXBuildFile;
			fileRef = E4448DB71E53281D00B45C56;
		};
/* End PBXBuildFile section */

/* Begin PBXContainerItemProxy section */
		CE8A212B1F65AB0E000C71A3 = {
			isa = PBXContainerItemProxy;
			containerPortal = E4448DA31E53281D00B45C56;
			proxyType = 1;
			remoteGlobalIDString = E4448DAA1E53281D00B45C56;
			remoteInfo = Calculator;
		};
		CE8A21391F65C5B0000C71A3 = {
			isa = PBXContainerItemProxy;
			containerPortal = E4448DA31E53281D00B45C56;
			proxyType = 1;
			remoteGlobalIDString = E4448DAA1E53281D00B45C56;
			remoteInfo = Calculator;
		};
/* End PBXContainerItemProxy section */

/* Begin PBXFileReference section */
		CE1E501A1F6D71BB0085F52A = {
			isa = PBXFileReference;
			lastKnownFileType = image.png;
			path = launch_screen.png;
			sourceTree = "<group>";
		};
		CE1E501C1F73AC0C0085F52A = {
			isa = PBXFileReference;
			fileEncoding = 4;
			lastKnownFileType = sourcecode.swift;
			path = GraphView.swift;
			sourceTree = "<group>";
		};
		CE1E501E1F73ACA40085F52A = {
			isa = PBXFileReference;
			fileEncoding = 4;
			lastKnownFileType = sourcecode.swift;
			path = AxesDrawer.swift;
			sourceTree = "<group>";
		};
		CE1E50201F74F90A0085F52A = {
			isa = PBXFileReference;
			fileEncoding = 4;
			lastKnownFileType = sourcecode.swift;
			path = GraphViewController.swift;
			sourceTree = "<group>";
		};
		CE82AA9D1F7814D500D170F1 = {
			isa = PBXFileReference;
			lastKnownFileType = text.xcconfig;
			path = Config.xcconfig;
			sourceTree = "<group>";
		};
		CE82AA9E1F78DF4600D170F1 = {
			isa = PBXFileReference;
			lastKnownFileType = sourcecode.swift;
			path = Storyboard.swift;
			sourceTree = "<group>";
		};
		CE8A21261F65AB0E000C71A3 = {
			isa = PBXFileReference;
			explicitFileType = wrapper.cfbundle;
			includeInIndex = 0;
			path = CalculatorTests.xctest;
			sourceTree = BUILT_PRODUCTS_DIR;
		};
		CE8A21281F65AB0E000C71A3 = {
			isa = PBXFileReference;
			lastKnownFileType = sourcecode.swift;
			path = CalculatorTests.swift;
			sourceTree = "<group>";
		};
		CE8A212A1F65AB0E000C71A3 = {
			isa = PBXFileReference;
			lastKnownFileType = text.plist.xml;
			path = Info.plist;
			sourceTree = "<group>";
		};
		CE8A21341F65C5B0000C71A3 = {
			isa = PBXFileReference;
			explicitFileType = wrapper.cfbundle;
			includeInIndex = 0;
			path = CalculatorUITests.xctest;
			sourceTree = BUILT_PRODUCTS_DIR;
		};
		CE8A21361F65C5B0000C71A3 = {
			isa = PBXFileReference;
			lastKnownFileType = sourcecode.swift;
			path = CalculatorUITests.swift;
			sourceTree = "<group>";
		};
		CE8A21381F65C5B0000C71A3 = {
			isa = PBXFileReference;
			lastKnownFileType = text.plist.xml;
			path = Info.plist;
			sourceTree = "<group>";
		};
		E42BAC151E6356FF0005C63C = {
			isa = PBXFileReference;
			fileEncoding = 4;
			lastKnownFileType = sourcecode.swift;
			path = CalculatorBrain.swift;
			sourceTree = "<group>";
		};
		E4448DAB1E53281D00B45C56 = {
			isa = PBXFileReference;
			explicitFileType = wrapper.application;
			includeInIndex = 0;
			path = Calculator.app;
			sourceTree = BUILT_PRODUCTS_DIR;
		};
		E4448DAE1E53281D00B45C56 = {
			isa = PBXFileReference;
			lastKnownFileType = sourcecode.swift;
			path = AppDelegate.swift;
			sourceTree = "<group>";
		};
		E4448DB01E53281D00B45C56 = {
			isa = PBXFileReference;
			lastKnownFileType = sourcecode.swift;
			path = CalculatorViewController.swift;
			sourceTree = "<group>";
		};
		E4448DB31E53281D00B45C56 = {
			isa = PBXFileReference;
			lastKnownFileType = file.storyboard;
			name = Base;
			path = Base.lproj/Main.storyboard;
			sourceTree = "<group>";
		};
		E4448DB51E53281D00B45C56 = {
			isa = PBXFileReference;
			lastKnownFileType = folder.assetcatalog;
			path = Assets.xcassets;
			sourceTree = "<group>";
		};
		E4448DB81E53281D00B45C56 = {
			isa = PBXFileReference;
			lastKnownFileType = file.storyboard;
			name = Base;
			path = Base.lproj/LaunchScreen.storyboard;
			sourceTree = "<group>";
		};
		E4448DBA1E53281D00B45C56 = {
			isa = PBXFileReference;
			lastKnownFileType = text.plist.xml;
			path = Info.plist;
			sourceTree = "<group>";
		};
/* End PBXFileReference section */

/* Begin PBXFrameworksBuildPhase section */
		CE8A21231F65AB0E000C71A3 = {
			isa = PBXFrameworksBuildPhase;
			buildActionMask = 2147483647;
			files = (
			);
			runOnlyForDeploymentPostprocessing = 0;
		};
		CE8A21311F65C5B0000C71A3 = {
			isa = PBXFrameworksBuildPhase;
			buildActionMask = 2147483647;
			files = (
			);
			runOnlyForDeploymentPostprocessing = 0;
		};
		E4448DA81E53281D00B45C56 = {
			isa = PBXFrameworksBuildPhase;
			buildActionMask = 2147483647;
			files = (
			);
			runOnlyForDeploymentPostprocessing = 0;
		};
/* End PBXFrameworksBuildPhase section */

/* Begin PBXGroup section */
		CE8A21271F65AB0E000C71A3 = {
			isa = PBXGroup;
			children = (
				CE8A21281F65AB0E000C71A3,
				CE8A212A1F65AB0E000C71A3,
			);
			path = CalculatorTests;
			sourceTree = "<group>";
		};
		CE8A21351F65C5B0000C71A3 = {
			isa = PBXGroup;
			children = (
				CE8A21361F65C5B0000C71A3,
				CE8A21381F65C5B0000C71A3,
			);
			path = CalculatorUITests;
			sourceTree = "<group>";
		};
		E4448DA21E53281D00B45C56 = {
			isa = PBXGroup;
			children = (
				E4448DAD1E53281D00B45C56,
				CE8A21271F65AB0E000C71A3,
				CE8A21351F65C5B0000C71A3,
				E4448DAC1E53281D00B45C56,
				CE82AA9D1F7814D500D170F1,
			);
			sourceTree = "<group>";
		};
		E4448DAC1E53281D00B45C56 = {
			isa = PBXGroup;
			children = (
				E4448DAB1E53281D00B45C56,
				CE8A21261F65AB0E000C71A3,
				CE8A21341F65C5B0000C71A3,
			);
			name = Products;
			sourceTree = "<group>";
		};
		E4448DAD1E53281D00B45C56 = {
			isa = PBXGroup;
			children = (
				E4448DC01E53284E00B45C56,
				CE1E501E1F73ACA40085F52A,
				E42BAC151E6356FF0005C63C,
				E4448DB01E53281D00B45C56,
				CE1E501C1F73AC0C0085F52A,
				CE1E50201F74F90A0085F52A,
				E4448DB21E53281D00B45C56,
				CE82AA9E1F78DF4600D170F1,
			);
			path = Calculator;
			sourceTree = "<group>";
		};
		E4448DC01E53284E00B45C56 = {
			isa = PBXGroup;
			children = (
				E4448DAE1E53281D00B45C56,
				E4448DB51E53281D00B45C56,
				E4448DBA1E53281D00B45C56,
				E4448DB71E53281D00B45C56,
				CE1E501A1F6D71BB0085F52A,
			);
			path = "Supporting Files";
			sourceTree = "<group>";
		};
/* End PBXGroup section */

/* Begin PBXNativeTarget section */
		CE8A21251F65AB0E000C71A3 = {
			isa = PBXNativeTarget;
			buildConfigurationList = CE8A212D1F65AB0E000C71A3;
			buildPhases = (
				CE8A21221F65AB0E000C71A3,
				CE8A21231F65AB0E000C71A3,
				CE8A21241F65AB0E000C71A3,
			);
			buildRules = (
			);
			dependencies = (
				CE8A212C1F65AB0E000C71A3,
			);
			name = CalculatorTests;
			productName = CalculatorTests;
			productReference = CE8A21261F65AB0E000C71A3;
			productType = "com.apple.product-type.bundle.unit-test";
		};
		CE8A21331F65C5B0000C71A3 = {
			isa = PBXNativeTarget;
			buildConfigurationList = CE8A213B1F65C5B0000C71A3;
			buildPhases = (
				CE8A21301F65C5B0000C71A3,
				CE8A21311F65C5B0000C71A3,
				CE8A21321F65C5B0000C71A3,
			);
			buildRules = (
			);
			dependencies = (
				CE8A213A1F65C5B0000C71A3,
			);
			name = CalculatorUITests;
			productName = CalculatorUITests;
			productReference = CE8A21341F65C5B0000C71A3;
			productType = "com.apple.product-type.bundle.ui-testing";
		};
		E4448DAA1E53281D00B45C56 = {
			isa = PBXNativeTarget;
			buildConfigurationList = E4448DBD1E53281D00B45C56;
			buildPhases = (
				CE68A68C1F63F130003F79FC,
				E4448DA71E53281D00B45C56,
				E4448DA81E53281D00B45C56,
				E4448DA91E53281D00B45C56,
			);
			buildRules = (
			);
			dependencies = (
			);
			name = Calculator;
			productName = Calculator;
			productReference = E4448DAB1E53281D00B45C56;
			productType = "com.apple.product-type.application";
		};
/* End PBXNativeTarget section */

/* Begin PBXProject section */
		E4448DA31E53281D00B45C56 = {
			isa = PBXProject;
			attributes = {
				LastSwiftUpdateCheck = 0830;
				LastUpgradeCheck = 0900;
				ORGANIZATIONNAME = "";
				TargetAttributes = {
					CE8A21251F65AB0E000C71A3 = {
						CreatedOnToolsVersion = 8.3.3;
						LastSwiftMigration = 0900;
						ProvisioningStyle = Automatic;
						TestTargetID = E4448DAA1E53281D00B45C56;
					};
					CE8A21331F65C5B0000C71A3 = {
						CreatedOnToolsVersion = 8.3.3;
						LastSwiftMigration = 0900;
						ProvisioningStyle = Automatic;
						TestTargetID = E4448DAA1E53281D00B45C56;
					};
					E4448DAA1E53281D00B45C56 = {
						CreatedOnToolsVersion = 8.2.1;
						DevelopmentTeam = HHL7MPZ557;
						LastSwiftMigration = 0900;
						ProvisioningStyle = Automatic;
					};
				};
			};
			buildConfigurationList = E4448DA61E53281D00B45C56;
			compatibilityVersion = "Xcode 3.2";
			developmentRegion = English;
			hasScannedForEncodings = 0;
			knownRegions = (
				en,
				Base,
			);
			mainGroup = E4448DA21E53281D00B45C56;
			productRefGroup = E4448DAC1E53281D00B45C56;
			projectDirPath = "";
			projectReferences = (
			);
			projectRoot = "";
			targets = (
				E4448DAA1E53281D00B45C56,
				CE8A21251F65AB0E000C71A3,
				CE8A21331F65C5B0000C71A3,
			);
		};
/* End PBXProject section */

/* Begin PBXResourcesBuildPhase section */
		CE8A21241F65AB0E000C71A3 = {
			isa = PBXResourcesBuildPhase;
			buildActionMask = 2147483647;
			files = (
			);
			runOnlyForDeploymentPostprocessing = 0;
		};
		CE8A21321F65C5B0000C71A3 = {
			isa = PBXResourcesBuildPhase;
			buildActionMask = 2147483647;
			files = (
			);
			runOnlyForDeploymentPostprocessing = 0;
		};
		E4448DA91E53281D00B45C56 = {
			isa = PBXResourcesBuildPhase;
			buildActionMask = 2147483647;
			files = (
				E4448DB91E53281D00B45C56,
				E4448DB61E53281D00B45C56,
				CE1E501B1F6D71BB0085F52A,
				E4448DB41E53281D00B45C56,
			);
			runOnlyForDeploymentPostprocessing = 0;
		};
/* End PBXResourcesBuildPhase section */

/* Begin PBXShellScriptBuildPhase section */
		CE68A68C1F63F130003F79FC = {
			isa = PBXShellScriptBuildPhase;
			buildActionMask = 2147483647;
			files = (
			);
			inputPaths = (
			);
			outputPaths = (
			);
			runOnlyForDeploymentPostprocessing = 0;
			shellPath = /bin/sh;
			shellScript = "if which swiftlint >/dev/null; then\nswiftlint autocorrect --format\nelse\necho \"warning: SwiftLint not installed, download from https://github.com/realm/SwiftLint\"\nfi\n#synx Calculator.xcodeproj";
		};
/* End PBXShellScriptBuildPhase section */

/* Begin PBXSourcesBuildPhase section */
		CE8A21221F65AB0E000C71A3 = {
			isa = PBXSourcesBuildPhase;
			buildActionMask = 2147483647;
			files = (
				CE8A21291F65AB0E000C71A3,
			);
			runOnlyForDeploymentPostprocessing = 0;
		};
		CE8A21301F65C5B0000C71A3 = {
			isa = PBXSourcesBuildPhase;
			buildActionMask = 2147483647;
			files = (
				CE8A21371F65C5B0000C71A3,
			);
			runOnlyForDeploymentPostprocessing = 0;
		};
		E4448DA71E53281D00B45C56 = {
			isa = PBXSourcesBuildPhase;
			buildActionMask = 2147483647;
			files = (
				E42BAC161E6356FF0005C63C,
				E4448DB11E53281D00B45C56,
				CE1E501F1F73ACA40085F52A,
				CE82AA9F1F78DF4600D170F1,
				CE1E50211F74F90A0085F52A,
				E4448DAF1E53281D00B45C56,
				CE1E501D1F73AC0C0085F52A,
			);
			runOnlyForDeploymentPostprocessing = 0;
		};
/* End PBXSourcesBuildPhase section */

/* Begin PBXTargetDependency section */
		CE8A212C1F65AB0E000C71A3 = {
			isa = PBXTargetDependency;
			target = E4448DAA1E53281D00B45C56;
			targetProxy = CE8A212B1F65AB0E000C71A3;
		};
		CE8A213A1F65C5B0000C71A3 = {
			isa = PBXTargetDependency;
			target = E4448DAA1E53281D00B45C56;
			targetProxy = CE8A21391F65C5B0000C71A3;
		};
/* End PBXTargetDependency section */

/* Begin PBXVariantGroup section */
		E4448DB21E53281D00B45C56 = {
			isa = PBXVariantGroup;
			children = (
				E4448DB31E53281D00B45C56,
			);
			name = Main.storyboard;
			path = .;
			sourceTree = "<group>";
		};
		E4448DB71E53281D00B45C56 = {
			isa = PBXVariantGroup;
			children = (
				E4448DB81E53281D00B45C56,
			);
			name = LaunchScreen.storyboard;
			path = .;
			sourceTree = "<group>";
		};
/* End PBXVariantGroup section */

/* Begin XCBuildConfiguration section */
		CE8A212E1F65AB0E000C71A3 = {
			isa = XCBuildConfiguration;
			baseConfigurationReference = CE82AA9D1F7814D500D170F1;
			buildSettings = {
				BUNDLE_LOADER = "$(TEST_HOST)";
				CLANG_ANALYZER_NUMBER_OBJECT_CONVERSION = YES_AGGRESSIVE;
				INFOPLIST_FILE = CalculatorTests/Info.plist;
				IPHONEOS_DEPLOYMENT_TARGET = 10.3;
				LD_RUNPATH_SEARCH_PATHS = "$(inherited) @executable_path/Frameworks @loader_path/Frameworks";
				PRODUCT_BUNDLE_IDENTIFIER = "-1.CalculatorTests";
				PRODUCT_NAME = "$(TARGET_NAME)";
				SWIFT_SWIFT3_OBJC_INFERENCE = Off;
				SWIFT_VERSION = 4.0;
				TEST_HOST = "$(BUILT_PRODUCTS_DIR)/Calculator.app/Calculator";
			};
			name = Debug;
		};
		CE8A212F1F65AB0E000C71A3 = {
			isa = XCBuildConfiguration;
			baseConfigurationReference = CE82AA9D1F7814D500D170F1;
			buildSettings = {
				BUNDLE_LOADER = "$(TEST_HOST)";
				CLANG_ANALYZER_NUMBER_OBJECT_CONVERSION = YES_AGGRESSIVE;
				INFOPLIST_FILE = CalculatorTests/Info.plist;
				IPHONEOS_DEPLOYMENT_TARGET = 10.3;
				LD_RUNPATH_SEARCH_PATHS = "$(inherited) @executable_path/Frameworks @loader_path/Frameworks";
				PRODUCT_BUNDLE_IDENTIFIER = "-1.CalculatorTests";
				PRODUCT_NAME = "$(TARGET_NAME)";
				SWIFT_SWIFT3_OBJC_INFERENCE = Off;
				SWIFT_VERSION = 4.0;
				TEST_HOST = "$(BUILT_PRODUCTS_DIR)/Calculator.app/Calculator";
			};
			name = Release;
		};
		CE8A213C1F65C5B0000C71A3 = {
			isa = XCBuildConfiguration;
			baseConfigurationReference = CE82AA9D1F7814D500D170F1;
			buildSettings = {
				CLANG_ANALYZER_NUMBER_OBJECT_CONVERSION = YES_AGGRESSIVE;
				INFOPLIST_FILE = CalculatorUITests/Info.plist;
				IPHONEOS_DEPLOYMENT_TARGET = 10.3;
				LD_RUNPATH_SEARCH_PATHS = "$(inherited) @executable_path/Frameworks @loader_path/Frameworks";
				PRODUCT_BUNDLE_IDENTIFIER = "-1.CalculatorUITests";
				PRODUCT_NAME = "$(TARGET_NAME)";
				SWIFT_SWIFT3_OBJC_INFERENCE = Off;
				SWIFT_VERSION = 4.0;
				TEST_TARGET_NAME = Calculator;
			};
			name = Debug;
		};
		CE8A213D1F65C5B0000C71A3 = {
			isa = XCBuildConfiguration;
			baseConfigurationReference = CE82AA9D1F7814D500D170F1;
			buildSettings = {
				CLANG_ANALYZER_NUMBER_OBJECT_CONVERSION = YES_AGGRESSIVE;
				INFOPLIST_FILE = CalculatorUITests/Info.plist;
				IPHONEOS_DEPLOYMENT_TARGET = 10.3;
				LD_RUNPATH_SEARCH_PATHS = "$(inherited) @executable_path/Frameworks @loader_path/Frameworks";
				PRODUCT_BUNDLE_IDENTIFIER = "-1.CalculatorUITests";
				PRODUCT_NAME = "$(TARGET_NAME)";
				SWIFT_SWIFT3_OBJC_INFERENCE = Off;
				SWIFT_VERSION = 4.0;
				TEST_TARGET_NAME = Calculator;
			};
			name = Release;
		};
		E4448DBB1E53281D00B45C56 = {
			isa = XCBuildConfiguration;
			baseConfigurationReference = CE82AA9D1F7814D500D170F1;
			buildSettings = {
				ALWAYS_SEARCH_USER_PATHS = NO;
				CLANG_ANALYZER_NONNULL = YES;
				CLANG_CXX_LANGUAGE_STANDARD = "gnu++0x";
				CLANG_CXX_LIBRARY = "libc++";
				CLANG_ENABLE_MODULES = YES;
				CLANG_ENABLE_OBJC_ARC = YES;
				CLANG_WARN_BLOCK_CAPTURE_AUTORELEASING = YES;
				CLANG_WARN_BOOL_CONVERSION = YES;
				CLANG_WARN_COMMA = YES;
				CLANG_WARN_CONSTANT_CONVERSION = YES;
				CLANG_WARN_DIRECT_OBJC_ISA_USAGE = YES_ERROR;
				CLANG_WARN_DOCUMENTATION_COMMENTS = YES;
				CLANG_WARN_EMPTY_BODY = YES;
				CLANG_WARN_ENUM_CONVERSION = YES;
				CLANG_WARN_INFINITE_RECURSION = YES;
				CLANG_WARN_INT_CONVERSION = YES;
				CLANG_WARN_NON_LITERAL_NULL_CONVERSION = YES;
				CLANG_WARN_OBJC_LITERAL_CONVERSION = YES;
				CLANG_WARN_OBJC_ROOT_CLASS = YES_ERROR;
				CLANG_WARN_RANGE_LOOP_ANALYSIS = YES;
				CLANG_WARN_STRICT_PROTOTYPES = YES;
				CLANG_WARN_SUSPICIOUS_MOVE = YES;
				CLANG_WARN_UNREACHABLE_CODE = YES;
				CLANG_WARN__DUPLICATE_METHOD_MATCH = YES;
				"CODE_SIGN_IDENTITY[sdk=iphoneos*]" = "iPhone Developer";
				COPY_PHASE_STRIP = NO;
				DEBUG_INFORMATION_FORMAT = dwarf;
				ENABLE_STRICT_OBJC_MSGSEND = YES;
				ENABLE_TESTABILITY = YES;
				GCC_C_LANGUAGE_STANDARD = gnu99;
				GCC_DYNAMIC_NO_PIC = NO;
				GCC_NO_COMMON_BLOCKS = YES;
				GCC_OPTIMIZATION_LEVEL = 0;
				GCC_PREPROCESSOR_DEFINITIONS = (
					"DEBUG=1",
					"$(inherited)",
				);
				GCC_WARN_64_TO_32_BIT_CONVERSION = YES;
				GCC_WARN_ABOUT_RETURN_TYPE = YES_ERROR;
				GCC_WARN_UNDECLARED_SELECTOR = YES;
				GCC_WARN_UNINITIALIZED_AUTOS = YES_AGGRESSIVE;
				GCC_WARN_UNUSED_FUNCTION = YES;
				GCC_WARN_UNUSED_VARIABLE = YES;
				IPHONEOS_DEPLOYMENT_TARGET = 10.2;
				MTL_ENABLE_DEBUG_INFO = YES;
				ONLY_ACTIVE_ARCH = YES;
				SDKROOT = iphoneos;
				SWIFT_ACTIVE_COMPILATION_CONDITIONS = DEBUG;
				SWIFT_OPTIMIZATION_LEVEL = "-Onone";
				SWIFT_SWIFT3_OBJC_INFERENCE = Off;
			};
			name = Debug;
		};
		E4448DBC1E53281D00B45C56 = {
			isa = XCBuildConfiguration;
			baseConfigurationReference = CE82AA9D1F7814D500D170F1;
			buildSettings = {
				ALWAYS_SEARCH_USER_PATHS = NO;
				CLANG_ANALYZER_NONNULL = YES;
				CLANG_CXX_LANGUAGE_STANDARD = "gnu++0x";
				CLANG_CXX_LIBRARY = "libc++";
				CLANG_ENABLE_MODULES = YES;
				CLANG_ENABLE_OBJC_ARC = YES;
				CLANG_WARN_BLOCK_CAPTURE_AUTORELEASING = YES;
				CLANG_WARN_BOOL_CONVERSION = YES;
				CLANG_WARN_COMMA = YES;
				CLANG_WARN_CONSTANT_CONVERSION = YES;
				CLANG_WARN_DIRECT_OBJC_ISA_USAGE = YES_ERROR;
				CLANG_WARN_DOCUMENTATION_COMMENTS = YES;
				CLANG_WARN_EMPTY_BODY = YES;
				CLANG_WARN_ENUM_CONVERSION = YES;
				CLANG_WARN_INFINITE_RECURSION = YES;
				CLANG_WARN_INT_CONVERSION = YES;
				CLANG_WARN_NON_LITERAL_NULL_CONVERSION = YES;
				CLANG_WARN_OBJC_LITERAL_CONVERSION = YES;
				CLANG_WARN_OBJC_ROOT_CLASS = YES_ERROR;
				CLANG_WARN_RANGE_LOOP_ANALYSIS = YES;
				CLANG_WARN_STRICT_PROTOTYPES = YES;
				CLANG_WARN_SUSPICIOUS_MOVE = YES;
				CLANG_WARN_UNREACHABLE_CODE = YES;
				CLANG_WARN__DUPLICATE_METHOD_MATCH = YES;
				"CODE_SIGN_IDENTITY[sdk=iphoneos*]" = "iPhone Developer";
				COPY_PHASE_STRIP = NO;
				DEBUG_INFORMATION_FORMAT = "dwarf-with-dsym";
				ENABLE_NS_ASSERTIONS = NO;
				ENABLE_STRICT_OBJC_MSGSEND = YES;
				GCC_C_LANGUAGE_STANDARD = gnu99;
				GCC_NO_COMMON_BLOCKS = YES;
				GCC_WARN_64_TO_32_BIT_CONVERSION = YES;
				GCC_WARN_ABOUT_RETURN_TYPE = YES_ERROR;
				GCC_WARN_UNDECLARED_SELECTOR = YES;
				GCC_WARN_UNINITIALIZED_AUTOS = YES_AGGRESSIVE;
				GCC_WARN_UNUSED_FUNCTION = YES;
				GCC_WARN_UNUSED_VARIABLE = YES;
				IPHONEOS_DEPLOYMENT_TARGET = 10.2;
				MTL_ENABLE_DEBUG_INFO = NO;
				SDKROOT = iphoneos;
				SWIFT_OPTIMIZATION_LEVEL = "-Owholemodule";
				SWIFT_SWIFT3_OBJC_INFERENCE = Off;
				VALIDATE_PRODUCT = YES;
			};
			name = Release;
		};
		E4448DBE1E53281D00B45C56 = {
			isa = XCBuildConfiguration;
			baseConfigurationReference = CE82AA9D1F7814D500D170F1;
			buildSettings = {
				ASSETCATALOG_COMPILER_APPICON_NAME = AppIcon;
				DEVELOPMENT_TEAM = HHL7MPZ557;
				INFOPLIST_FILE = "Calculator/Supporting Files/Info.plist";
				LD_RUNPATH_SEARCH_PATHS = "$(inherited) @executable_path/Frameworks";
				PRODUCT_BUNDLE_IDENTIFIER = com.3Xclusive.Calculator;
				PRODUCT_NAME = "$(TARGET_NAME)";
				SWIFT_SWIFT3_OBJC_INFERENCE = Off;
				SWIFT_VERSION = 4.0;
			};
			name = Debug;
		};
		E4448DBF1E53281D00B45C56 = {
			isa = XCBuildConfiguration;
			baseConfigurationReference = CE82AA9D1F7814D500D170F1;
			buildSettings = {
				ASSETCATALOG_COMPILER_APPICON_NAME = AppIcon;
				DEVELOPMENT_TEAM = HHL7MPZ557;
				INFOPLIST_FILE = "Calculator/Supporting Files/Info.plist";
				LD_RUNPATH_SEARCH_PATHS = "$(inherited) @executable_path/Frameworks";
				PRODUCT_BUNDLE_IDENTIFIER = com.3Xclusive.Calculator;
				PRODUCT_NAME = "$(TARGET_NAME)";
				SWIFT_SWIFT3_OBJC_INFERENCE = Off;
				SWIFT_VERSION = 4.0;
			};
			name = Release;
		};
/* End XCBuildConfiguration section */

/* Begin XCConfigurationList section */
		CE8A212D1F65AB0E000C71A3 = {
			isa = XCConfigurationList;
			buildConfigurations = (
				CE8A212E1F65AB0E000C71A3,
				CE8A212F1F65AB0E000C71A3,
			);
			defaultConfigurationIsVisible = 0;
			defaultConfigurationName = Release;
		};
		CE8A213B1F65C5B0000C71A3 = {
			isa = XCConfigurationList;
			buildConfigurations = (
				CE8A213C1F65C5B0000C71A3,
				CE8A213D1F65C5B0000C71A3,
			);
			defaultConfigurationIsVisible = 0;
			defaultConfigurationName = Release;
		};
		E4448DA61E53281D00B45C56 = {
			isa = XCConfigurationList;
			buildConfigurations = (
				E4448DBB1E53281D00B45C56,
				E4448DBC1E53281D00B45C56,
			);
			defaultConfigurationIsVisible = 0;
			defaultConfigurationName = Release;
		};
		E4448DBD1E53281D00B45C56 = {
			isa = XCConfigurationList;
			buildConfigurations = (
				E4448DBE1E53281D00B45C56,
				E4448DBF1E53281D00B45C56,
			);
			defaultConfigurationIsVisible = 0;
			defaultConfigurationName = Release;
		};
/* End XCConfigurationList section */
	};
	rootObject = E4448DA31E53281D00B45C56;
}
